// !$*UTF8*$!
{
	archiveVersion = 1;
	classes = {
	};
	objectVersion = 46;
	objects = {

/* Begin PBXBuildFile section */
		0834449E1AB121E2007926B0 /* WMMainViewController.m in Sources */ = {isa = PBXBuildFile; fileRef = 0834449D1AB121E2007926B0 /* WMMainViewController.m */; };
		083444A11AB12CA0007926B0 /* WMServicesTableViewController.m in Sources */ = {isa = PBXBuildFile; fileRef = 083444A01AB12CA0007926B0 /* WMServicesTableViewController.m */; };
		083444A41AB1380E007926B0 /* WMCharTableViewController.m in Sources */ = {isa = PBXBuildFile; fileRef = 083444A31AB1380E007926B0 /* WMCharTableViewController.m */; };
		08DED6971AB067A6009B844C /* main.m in Sources */ = {isa = PBXBuildFile; fileRef = 08DED6961AB067A6009B844C /* main.m */; };
		08DED69A1AB067A6009B844C /* AppDelegate.m in Sources */ = {isa = PBXBuildFile; fileRef = 08DED6991AB067A6009B844C /* AppDelegate.m */; };
		08DED69D1AB067A6009B844C /* WMCoreBluetoothDemo.xcdatamodeld in Sources */ = {isa = PBXBuildFile; fileRef = 08DED69B1AB067A6009B844C /* WMCoreBluetoothDemo.xcdatamodeld */; };
		08DED6A31AB067A6009B844C /* Main.storyboard in Resources */ = {isa = PBXBuildFile; fileRef = 08DED6A11AB067A6009B844C /* Main.storyboard */; };
		08DED6A51AB067A6009B844C /* Images.xcassets in Resources */ = {isa = PBXBuildFile; fileRef = 08DED6A41AB067A6009B844C /* Images.xcassets */; };
		08DED6B41AB067A6009B844C /* WMCoreBluetoothDemoTests.m in Sources */ = {isa = PBXBuildFile; fileRef = 08DED6B31AB067A6009B844C /* WMCoreBluetoothDemoTests.m */; };
		08DED6C01AB068C5009B844C /* WMCBCenter.m in Sources */ = {isa = PBXBuildFile; fileRef = 08DED6BF1AB068C5009B844C /* WMCBCenter.m */; };
		08DED6C41AB08410009B844C /* WMCBTools.m in Sources */ = {isa = PBXBuildFile; fileRef = 08DED6C31AB08410009B844C /* WMCBTools.m */; };
/* End PBXBuildFile section */

/* Begin PBXContainerItemProxy section */
		08DED6AE1AB067A6009B844C /* PBXContainerItemProxy */ = {
			isa = PBXContainerItemProxy;
			containerPortal = 08DED6891AB067A6009B844C /* Project object */;
			proxyType = 1;
			remoteGlobalIDString = 08DED6901AB067A6009B844C;
			remoteInfo = WMCoreBluetoothDemo;
		};
/* End PBXContainerItemProxy section */

/* Begin PBXFileReference section */
		0834449C1AB121E2007926B0 /* WMMainViewController.h */ = {isa = PBXFileReference; fileEncoding = 4; lastKnownFileType = sourcecode.c.h; path = WMMainViewController.h; sourceTree = "<group>"; };
		0834449D1AB121E2007926B0 /* WMMainViewController.m */ = {isa = PBXFileReference; fileEncoding = 4; lastKnownFileType = sourcecode.c.objc; path = WMMainViewController.m; sourceTree = "<group>"; };
		0834449F1AB12CA0007926B0 /* WMServicesTableViewController.h */ = {isa = PBXFileReference; fileEncoding = 4; lastKnownFileType = sourcecode.c.h; path = WMServicesTableViewController.h; sourceTree = "<group>"; };
		083444A01AB12CA0007926B0 /* WMServicesTableViewController.m */ = {isa = PBXFileReference; fileEncoding = 4; lastKnownFileType = sourcecode.c.objc; path = WMServicesTableViewController.m; sourceTree = "<group>"; };
		083444A21AB1380E007926B0 /* WMCharTableViewController.h */ = {isa = PBXFileReference; fileEncoding = 4; lastKnownFileType = sourcecode.c.h; path = WMCharTableViewController.h; sourceTree = "<group>"; };
		083444A31AB1380E007926B0 /* WMCharTableViewController.m */ = {isa = PBXFileReference; fileEncoding = 4; lastKnownFileType = sourcecode.c.objc; path = WMCharTableViewController.m; sourceTree = "<group>"; };
		08DED6911AB067A6009B844C /* WMCoreBluetoothDemo.app */ = {isa = PBXFileReference; explicitFileType = wrapper.application; includeInIndex = 0; path = WMCoreBluetoothDemo.app; sourceTree = BUILT_PRODUCTS_DIR; };
		08DED6951AB067A6009B844C /* Info.plist */ = {isa = PBXFileReference; lastKnownFileType = text.plist.xml; path = Info.plist; sourceTree = "<group>"; };
		08DED6961AB067A6009B844C /* main.m */ = {isa = PBXFileReference; lastKnownFileType = sourcecode.c.objc; path = main.m; sourceTree = "<group>"; };
		08DED6981AB067A6009B844C /* AppDelegate.h */ = {isa = PBXFileReference; lastKnownFileType = sourcecode.c.h; path = AppDelegate.h; sourceTree = "<group>"; };
		08DED6991AB067A6009B844C /* AppDelegate.m */ = {isa = PBXFileReference; lastKnownFileType = sourcecode.c.objc; path = AppDelegate.m; sourceTree = "<group>"; };
		08DED69C1AB067A6009B844C /* WMCoreBluetoothDemo.xcdatamodel */ = {isa = PBXFileReference; lastKnownFileType = wrapper.xcdatamodel; path = WMCoreBluetoothDemo.xcdatamodel; sourceTree = "<group>"; };
		08DED6A21AB067A6009B844C /* Base */ = {isa = PBXFileReference; lastKnownFileType = file.storyboard; name = Base; path = Base.lproj/Main.storyboard; sourceTree = "<group>"; };
		08DED6A41AB067A6009B844C /* Images.xcassets */ = {isa = PBXFileReference; lastKnownFileType = folder.assetcatalog; path = Images.xcassets; sourceTree = "<group>"; };
		08DED6AD1AB067A6009B844C /* WMCoreBluetoothDemoTests.xctest */ = {isa = PBXFileReference; explicitFileType = wrapper.cfbundle; includeInIndex = 0; path = WMCoreBluetoothDemoTests.xctest; sourceTree = BUILT_PRODUCTS_DIR; };
		08DED6B21AB067A6009B844C /* Info.plist */ = {isa = PBXFileReference; lastKnownFileType = text.plist.xml; path = Info.plist; sourceTree = "<group>"; };
		08DED6B31AB067A6009B844C /* WMCoreBluetoothDemoTests.m */ = {isa = PBXFileReference; lastKnownFileType = sourcecode.c.objc; path = WMCoreBluetoothDemoTests.m; sourceTree = "<group>"; };
		08DED6BE1AB068C5009B844C /* WMCBCenter.h */ = {isa = PBXFileReference; fileEncoding = 4; lastKnownFileType = sourcecode.c.h; path = WMCBCenter.h; sourceTree = "<group>"; };
		08DED6BF1AB068C5009B844C /* WMCBCenter.m */ = {isa = PBXFileReference; fileEncoding = 4; lastKnownFileType = sourcecode.c.objc; path = WMCBCenter.m; sourceTree = "<group>"; };
		08DED6C11AB06FE9009B844C /* WMCBHeader.h */ = {isa = PBXFileReference; lastKnownFileType = sourcecode.c.h; path = WMCBHeader.h; sourceTree = "<group>"; };
		08DED6C21AB08410009B844C /* WMCBTools.h */ = {isa = PBXFileReference; fileEncoding = 4; lastKnownFileType = sourcecode.c.h; path = WMCBTools.h; sourceTree = "<group>"; };
		08DED6C31AB08410009B844C /* WMCBTools.m */ = {isa = PBXFileReference; fileEncoding = 4; lastKnownFileType = sourcecode.c.objc; path = WMCBTools.m; sourceTree = "<group>"; };
/* End PBXFileReference section */

/* Begin PBXFrameworksBuildPhase section */
		08DED68E1AB067A6009B844C /* Frameworks */ = {
			isa = PBXFrameworksBuildPhase;
			buildActionMask = 2147483647;
			files = (
			);
			runOnlyForDeploymentPostprocessing = 0;
		};
		08DED6AA1AB067A6009B844C /* Frameworks */ = {
			isa = PBXFrameworksBuildPhase;
			buildActionMask = 2147483647;
			files = (
			);
			runOnlyForDeploymentPostprocessing = 0;
		};
/* End PBXFrameworksBuildPhase section */

/* Begin PBXGroup section */
		083444A51AB1440D007926B0 /* WM View Controller */ = {
			isa = PBXGroup;
			children = (
				0834449C1AB121E2007926B0 /* WMMainViewController.h */,
				0834449D1AB121E2007926B0 /* WMMainViewController.m */,
				0834449F1AB12CA0007926B0 /* WMServicesTableViewController.h */,
				083444A01AB12CA0007926B0 /* WMServicesTableViewController.m */,
				083444A21AB1380E007926B0 /* WMCharTableViewController.h */,
				083444A31AB1380E007926B0 /* WMCharTableViewController.m */,
			);
			name = "WM View Controller";
			sourceTree = "<group>";
		};
		08DED6881AB067A6009B844C = {
			isa = PBXGroup;
			children = (
				08DED6931AB067A6009B844C /* WMCoreBluetoothDemo */,
				08DED6B01AB067A6009B844C /* WMCoreBluetoothDemoTests */,
				08DED6921AB067A6009B844C /* Products */,
			);
			sourceTree = "<group>";
		};
		08DED6921AB067A6009B844C /* Products */ = {
			isa = PBXGroup;
			children = (
				08DED6911AB067A6009B844C /* WMCoreBluetoothDemo.app */,
				08DED6AD1AB067A6009B844C /* WMCoreBluetoothDemoTests.xctest */,
			);
			name = Products;
			sourceTree = "<group>";
		};
		08DED6931AB067A6009B844C /* WMCoreBluetoothDemo */ = {
			isa = PBXGroup;
			children = (
				08DED6BD1AB067FB009B844C /* WM CB Center */,
				083444A51AB1440D007926B0 /* WM View Controller */,
				08DED6981AB067A6009B844C /* AppDelegate.h */,
				08DED6991AB067A6009B844C /* AppDelegate.m */,
				08DED6A11AB067A6009B844C /* Main.storyboard */,
				08DED6A41AB067A6009B844C /* Images.xcassets */,
				08DED69B1AB067A6009B844C /* WMCoreBluetoothDemo.xcdatamodeld */,
				08DED6941AB067A6009B844C /* Supporting Files */,
			);
			path = WMCoreBluetoothDemo;
			sourceTree = "<group>";
		};
		08DED6941AB067A6009B844C /* Supporting Files */ = {
			isa = PBXGroup;
			children = (
				08DED6951AB067A6009B844C /* Info.plist */,
				08DED6961AB067A6009B844C /* main.m */,
			);
			name = "Supporting Files";
			sourceTree = "<group>";
		};
		08DED6B01AB067A6009B844C /* WMCoreBluetoothDemoTests */ = {
			isa = PBXGroup;
			children = (
				08DED6B31AB067A6009B844C /* WMCoreBluetoothDemoTests.m */,
				08DED6B11AB067A6009B844C /* Supporting Files */,
			);
			path = WMCoreBluetoothDemoTests;
			sourceTree = "<group>";
		};
		08DED6B11AB067A6009B844C /* Supporting Files */ = {
			isa = PBXGroup;
			children = (
				08DED6B21AB067A6009B844C /* Info.plist */,
			);
			name = "Supporting Files";
			sourceTree = "<group>";
		};
		08DED6BD1AB067FB009B844C /* WM CB Center */ = {
			isa = PBXGroup;
			children = (
				08DED6C11AB06FE9009B844C /* WMCBHeader.h */,
				08DED6C21AB08410009B844C /* WMCBTools.h */,
				08DED6C31AB08410009B844C /* WMCBTools.m */,
				08DED6BE1AB068C5009B844C /* WMCBCenter.h */,
				08DED6BF1AB068C5009B844C /* WMCBCenter.m */,
			);
			name = "WM CB Center";
			sourceTree = "<group>";
		};
/* End PBXGroup section */

/* Begin PBXNativeTarget section */
		08DED6901AB067A6009B844C /* WMCoreBluetoothDemo */ = {
			isa = PBXNativeTarget;
			buildConfigurationList = 08DED6B71AB067A6009B844C /* Build configuration list for PBXNativeTarget "WMCoreBluetoothDemo" */;
			buildPhases = (
				08DED68D1AB067A6009B844C /* Sources */,
				08DED68E1AB067A6009B844C /* Frameworks */,
				08DED68F1AB067A6009B844C /* Resources */,
			);
			buildRules = (
			);
			dependencies = (
			);
			name = WMCoreBluetoothDemo;
			productName = WMCoreBluetoothDemo;
			productReference = 08DED6911AB067A6009B844C /* WMCoreBluetoothDemo.app */;
			productType = "com.apple.product-type.application";
		};
		08DED6AC1AB067A6009B844C /* WMCoreBluetoothDemoTests */ = {
			isa = PBXNativeTarget;
			buildConfigurationList = 08DED6BA1AB067A6009B844C /* Build configuration list for PBXNativeTarget "WMCoreBluetoothDemoTests" */;
			buildPhases = (
				08DED6A91AB067A6009B844C /* Sources */,
				08DED6AA1AB067A6009B844C /* Frameworks */,
				08DED6AB1AB067A6009B844C /* Resources */,
			);
			buildRules = (
			);
			dependencies = (
				08DED6AF1AB067A6009B844C /* PBXTargetDependency */,
			);
			name = WMCoreBluetoothDemoTests;
			productName = WMCoreBluetoothDemoTests;
			productReference = 08DED6AD1AB067A6009B844C /* WMCoreBluetoothDemoTests.xctest */;
			productType = "com.apple.product-type.bundle.unit-test";
		};
/* End PBXNativeTarget section */

/* Begin PBXProject section */
		08DED6891AB067A6009B844C /* Project object */ = {
			isa = PBXProject;
			attributes = {
				LastUpgradeCheck = 0610;
				ORGANIZATIONNAME = WM;
				TargetAttributes = {
					08DED6901AB067A6009B844C = {
						CreatedOnToolsVersion = 6.1.1;
					};
					08DED6AC1AB067A6009B844C = {
						CreatedOnToolsVersion = 6.1.1;
						TestTargetID = 08DED6901AB067A6009B844C;
					};
				};
			};
			buildConfigurationList = 08DED68C1AB067A6009B844C /* Build configuration list for PBXProject "WMCoreBluetoothDemo" */;
			compatibilityVersion = "Xcode 3.2";
			developmentRegion = English;
			hasScannedForEncodings = 0;
			knownRegions = (
				en,
				Base,
			);
			mainGroup = 08DED6881AB067A6009B844C;
			productRefGroup = 08DED6921AB067A6009B844C /* Products */;
			projectDirPath = "";
			projectRoot = "";
			targets = (
				08DED6901AB067A6009B844C /* WMCoreBluetoothDemo */,
				08DED6AC1AB067A6009B844C /* WMCoreBluetoothDemoTests */,
			);
		};
/* End PBXProject section */

/* Begin PBXResourcesBuildPhase section */
		08DED68F1AB067A6009B844C /* Resources */ = {
			isa = PBXResourcesBuildPhase;
			buildActionMask = 2147483647;
			files = (
				08DED6A31AB067A6009B844C /* Main.storyboard in Resources */,
				08DED6A51AB067A6009B844C /* Images.xcassets in Resources */,
			);
			runOnlyForDeploymentPostprocessing = 0;
		};
		08DED6AB1AB067A6009B844C /* Resources */ = {
			isa = PBXResourcesBuildPhase;
			buildActionMask = 2147483647;
			files = (
			);
			runOnlyForDeploymentPostprocessing = 0;
		};
/* End PBXResourcesBuildPhase section */

/* Begin PBXSourcesBuildPhase section */
		08DED68D1AB067A6009B844C /* Sources */ = {
			isa = PBXSourcesBuildPhase;
			buildActionMask = 2147483647;
			files = (
				08DED6C41AB08410009B844C /* WMCBTools.m in Sources */,
				08DED69A1AB067A6009B844C /* AppDelegate.m in Sources */,
				08DED6971AB067A6009B844C /* main.m in Sources */,
				08DED6C01AB068C5009B844C /* WMCBCenter.m in Sources */,
				08DED69D1AB067A6009B844C /* WMCoreBluetoothDemo.xcdatamodeld in Sources */,
				0834449E1AB121E2007926B0 /* WMMainViewController.m in Sources */,
				083444A11AB12CA0007926B0 /* WMServicesTableViewController.m in Sources */,
				083444A41AB1380E007926B0 /* WMCharTableViewController.m in Sources */,
			);
			runOnlyForDeploymentPostprocessing = 0;
		};
		08DED6A91AB067A6009B844C /* Sources */ = {
			isa = PBXSourcesBuildPhase;
			buildActionMask = 2147483647;
			files = (
				08DED6B41AB067A6009B844C /* WMCoreBluetoothDemoTests.m in Sources */,
			);
			runOnlyForDeploymentPostprocessing = 0;
		};
/* End PBXSourcesBuildPhase section */

/* Begin PBXTargetDependency section */
		08DED6AF1AB067A6009B844C /* PBXTargetDependency */ = {
			isa = PBXTargetDependency;
			target = 08DED6901AB067A6009B844C /* WMCoreBluetoothDemo */;
			targetProxy = 08DED6AE1AB067A6009B844C /* PBXContainerItemProxy */;
		};
/* End PBXTargetDependency section */

/* Begin PBXVariantGroup section */
		08DED6A11AB067A6009B844C /* Main.storyboard */ = {
			isa = PBXVariantGroup;
			children = (
				08DED6A21AB067A6009B844C /* Base */,
			);
			name = Main.storyboard;
			sourceTree = "<group>";
		};
/* End PBXVariantGroup section */

/* Begin XCBuildConfiguration section */
		08DED6B51AB067A6009B844C /* Debug */ = {
			isa = XCBuildConfiguration;
			buildSettings = {
				ALWAYS_SEARCH_USER_PATHS = NO;
				CLANG_CXX_LANGUAGE_STANDARD = "gnu++0x";
				CLANG_CXX_LIBRARY = "libc++";
				CLANG_ENABLE_MODULES = YES;
				CLANG_ENABLE_OBJC_ARC = YES;
				CLANG_WARN_BOOL_CONVERSION = YES;
				CLANG_WARN_CONSTANT_CONVERSION = YES;
				CLANG_WARN_DIRECT_OBJC_ISA_USAGE = YES_ERROR;
				CLANG_WARN_EMPTY_BODY = YES;
				CLANG_WARN_ENUM_CONVERSION = YES;
				CLANG_WARN_INT_CONVERSION = YES;
				CLANG_WARN_OBJC_ROOT_CLASS = YES_ERROR;
				CLANG_WARN_UNREACHABLE_CODE = YES;
				CLANG_WARN__DUPLICATE_METHOD_MATCH = YES;
				"CODE_SIGN_IDENTITY[sdk=iphoneos*]" = "iPhone Developer";
				COPY_PHASE_STRIP = NO;
				ENABLE_STRICT_OBJC_MSGSEND = YES;
				GCC_C_LANGUAGE_STANDARD = gnu99;
				GCC_DYNAMIC_NO_PIC = NO;
				GCC_OPTIMIZATION_LEVEL = 0;
				GCC_PREPROCESSOR_DEFINITIONS = (
					"DEBUG=1",
					"$(inherited)",
				);
				GCC_SYMBOLS_PRIVATE_EXTERN = NO;
				GCC_WARN_64_TO_32_BIT_CONVERSION = YES;
				GCC_WARN_ABOUT_RETURN_TYPE = YES_ERROR;
				GCC_WARN_UNDECLARED_SELECTOR = YES;
				GCC_WARN_UNINITIALIZED_AUTOS = YES_AGGRESSIVE;
				GCC_WARN_UNUSED_FUNCTION = YES;
				GCC_WARN_UNUSED_VARIABLE = YES;
				IPHONEOS_DEPLOYMENT_TARGET = 8.1;
				MTL_ENABLE_DEBUG_INFO = YES;
				ONLY_ACTIVE_ARCH = YES;
				SDKROOT = iphoneos;
				TARGETED_DEVICE_FAMILY = "1,2";
			};
			name = Debug;
		};
		08DED6B61AB067A6009B844C /* Release */ = {
			isa = XCBuildConfiguration;
			buildSettings = {
				ALWAYS_SEARCH_USER_PATHS = NO;
				CLANG_CXX_LANGUAGE_STANDARD = "gnu++0x";
				CLANG_CXX_LIBRARY = "libc++";
				CLANG_ENABLE_MODULES = YES;
				CLANG_ENABLE_OBJC_ARC = YES;
				CLANG_WARN_BOOL_CONVERSION = YES;
				CLANG_WARN_CONSTANT_CONVERSION = YES;
				CLANG_WARN_DIRECT_OBJC_ISA_USAGE = YES_ERROR;
				CLANG_WARN_EMPTY_BODY = YES;
				CLANG_WARN_ENUM_CONVERSION = YES;
				CLANG_WARN_INT_CONVERSION = YES;
				CLANG_WARN_OBJC_ROOT_CLASS = YES_ERROR;
				CLANG_WARN_UNREACHABLE_CODE = YES;
				CLANG_WARN__DUPLICATE_METHOD_MATCH = YES;
				"CODE_SIGN_IDENTITY[sdk=iphoneos*]" = "iPhone Developer";
				COPY_PHASE_STRIP = YES;
				ENABLE_NS_ASSERTIONS = NO;
				ENABLE_STRICT_OBJC_MSGSEND = YES;
				GCC_C_LANGUAGE_STANDARD = gnu99;
				GCC_WARN_64_TO_32_BIT_CONVERSION = YES;
				GCC_WARN_ABOUT_RETURN_TYPE = YES_ERROR;
				GCC_WARN_UNDECLARED_SELECTOR = YES;
				GCC_WARN_UNINITIALIZED_AUTOS = YES_AGGRESSIVE;
				GCC_WARN_UNUSED_FUNCTION = YES;
				GCC_WARN_UNUSED_VARIABLE = YES;
				IPHONEOS_DEPLOYMENT_TARGET = 8.1;
				MTL_ENABLE_DEBUG_INFO = NO;
				SDKROOT = iphoneos;
				TARGETED_DEVICE_FAMILY = "1,2";
				VALIDATE_PRODUCT = YES;
			};
			name = Release;
		};
		08DED6B81AB067A6009B844C /* Debug */ = {
			isa = XCBuildConfiguration;
			buildSettings = {
				ASSETCATALOG_COMPILER_APPICON_NAME = AppIcon;
				ASSETCATALOG_COMPILER_LAUNCHIMAGE_NAME = LaunchImage;
				INFOPLIST_FILE = WMCoreBluetoothDemo/Info.plist;
				IPHONEOS_DEPLOYMENT_TARGET = 7.0;
				LD_RUNPATH_SEARCH_PATHS = "$(inherited) @executable_path/Frameworks";
				PRODUCT_NAME = "$(TARGET_NAME)";
			};
			name = Debug;
		};
		08DED6B91AB067A6009B844C /* Release */ = {
			isa = XCBuildConfiguration;
			buildSettings = {
				ASSETCATALOG_COMPILER_APPICON_NAME = AppIcon;
				ASSETCATALOG_COMPILER_LAUNCHIMAGE_NAME = LaunchImage;
				INFOPLIST_FILE = WMCoreBluetoothDemo/Info.plist;
				IPHONEOS_DEPLOYMENT_TARGET = 7.0;
				LD_RUNPATH_SEARCH_PATHS = "$(inherited) @executable_path/Frameworks";
				PRODUCT_NAME = "$(TARGET_NAME)";
			};
			name = Release;
		};
		08DED6BB1AB067A6009B844C /* Debug */ = {
			isa = XCBuildConfiguration;
			buildSettings = {
				BUNDLE_LOADER = "$(TEST_HOST)";
				FRAMEWORK_SEARCH_PATHS = (
					"$(SDKROOT)/Developer/Library/Frameworks",
					"$(inherited)",
				);
				GCC_PREPROCESSOR_DEFINITIONS = (
					"DEBUG=1",
					"$(inherited)",
				);
				INFOPLIST_FILE = WMCoreBluetoothDemoTests/Info.plist;
				LD_RUNPATH_SEARCH_PATHS = "$(inherited) @executable_path/Frameworks @loader_path/Frameworks";
				PRODUCT_NAME = "$(TARGET_NAME)";
				TEST_HOST = "$(BUILT_PRODUCTS_DIR)/WMCoreBluetoothDemo.app/WMCoreBluetoothDemo";
			};
			name = Debug;
		};
		08DED6BC1AB067A6009B844C /* Release */ = {
			isa = XCBuildConfiguration;
			buildSettings = {
				BUNDLE_LOADER = "$(TEST_HOST)";
				FRAMEWORK_SEARCH_PATHS = (
					"$(SDKROOT)/Developer/Library/Frameworks",
					"$(inherited)",
				);
				INFOPLIST_FILE = WMCoreBluetoothDemoTests/Info.plist;
				LD_RUNPATH_SEARCH_PATHS = "$(inherited) @executable_path/Frameworks @loader_path/Frameworks";
				PRODUCT_NAME = "$(TARGET_NAME)";
				TEST_HOST = "$(BUILT_PRODUCTS_DIR)/WMCoreBluetoothDemo.app/WMCoreBluetoothDemo";
			};
			name = Release;
		};
/* End XCBuildConfiguration section */

/* Begin XCConfigurationList section */
		08DED68C1AB067A6009B844C /* Build configuration list for PBXProject "WMCoreBluetoothDemo" */ = {
			isa = XCConfigurationList;
			buildConfigurations = (
				08DED6B51AB067A6009B844C /* Debug */,
				08DED6B61AB067A6009B844C /* Release */,
			);
			defaultConfigurationIsVisible = 0;
			defaultConfigurationName = Release;
		};
		08DED6B71AB067A6009B844C /* Build configuration list for PBXNativeTarget "WMCoreBluetoothDemo" */ = {
			isa = XCConfigurationList;
			buildConfigurations = (
				08DED6B81AB067A6009B844C /* Debug */,
				08DED6B91AB067A6009B844C /* Release */,
			);
			defaultConfigurationIsVisible = 0;
			defaultConfigurationName = Release;
		};
		08DED6BA1AB067A6009B844C /* Build configuration list for PBXNativeTarget "WMCoreBluetoothDemoTests" */ = {
			isa = XCConfigurationList;
			buildConfigurations = (
				08DED6BB1AB067A6009B844C /* Debug */,
				08DED6BC1AB067A6009B844C /* Release */,
			);
			defaultConfigurationIsVisible = 0;
			defaultConfigurationName = Release;
		};
/* End XCConfigurationList section */

/* Begin XCVersionGroup section */
		08DED69B1AB067A6009B844C /* WMCoreBluetoothDemo.xcdatamodeld */ = {
			isa = XCVersionGroup;
			children = (
				08DED69C1AB067A6009B844C /* WMCoreBluetoothDemo.xcdatamodel */,
			);
			currentVersion = 08DED69C1AB067A6009B844C /* WMCoreBluetoothDemo.xcdatamodel */;
			path = WMCoreBluetoothDemo.xcdatamodeld;
			sourceTree = "<group>";
			versionGroupType = wrapper.xcdatamodel;
		};
/* End XCVersionGroup section */
	};
	rootObject = 08DED6891AB067A6009B844C /* Project object */;
}
